
Microsoft Visual Studio Solution File, Format Version 12.00
# Visual Studio Version 17
VisualStudioVersion = 17.8.34511.84
MinimumVisualStudioVersion = 10.0.40219.1
Project("{FAE04EC0-301F-11D3-BF4B-00C04F79EFBC}") = "mauiClient", "mauiClient\mauiClient.csproj", "{571E2104-F43D-4226-A936-F109B618D8F5}"
EndProject
Global
	GlobalSection(SolutionConfigurationPlatforms) = preSolution
		Debug|Any CPU = Debug|Any CPU
		Release|Any CPU = Release|Any CPU
	EndGlobalSection
	GlobalSection(ProjectConfigurationPlatforms) = postSolution
		{571E2104-F43D-4226-A936-F109B618D8F5}.Debug|Any CPU.ActiveCfg = Debug|Any CPU
		{571E2104-F43D-4226-A936-F109B618D8F5}.Debug|Any CPU.Build.0 = Debug|Any CPU
		{571E2104-F43D-4226-A936-F109B618D8F5}.Debug|Any CPU.Deploy.0 = Debug|Any CPU
		{571E2104-F43D-4226-A936-F109B618D8F5}.Release|Any CPU.ActiveCfg = Release|Any CPU
		{571E2104-F43D-4226-A936-F109B618D8F5}.Release|Any CPU.Build.0 = Release|Any CPU
		{571E2104-F43D-4226-A936-F109B618D8F5}.Release|Any CPU.Deploy.0 = Release|Any CPU
	EndGlobalSection
	GlobalSection(SolutionProperties) = preSolution
		HideSolutionNode = FALSE
	EndGlobalSection
	GlobalSection(ExtensibilityGlobals) = postSolution
		SolutionGuid = {99464003-0A58-4D97-A9B5-ED6A6426CE4B}
	EndGlobalSection
EndGlobal
